
Microsoft Visual Studio Solution File, Format Version 12.00
# Visual Studio 15
VisualStudioVersion = 15.0.27703.2018
MinimumVisualStudioVersion = 10.0.40219.1
Project("{8BC9CEB8-8B4A-11D0-8D11-00A0C91BC942}") = "mynteyed_demo", "mynteyed_demo\mynteyed_demo.vcxproj", "{DF443C68-3020-449D-A9D5-D2D3C1102072}"
EndProject
Global
	GlobalSection(SolutionConfigurationPlatforms) = preSolution
		Debug|x64 = Debug|x64
		Debug|x86 = Debug|x86
		Release|x64 = Release|x64
		Release|x86 = Release|x86
	EndGlobalSection
	GlobalSection(ProjectConfigurationPlatforms) = postSolution
		{DF443C68-3020-449D-A9D5-D2D3C1102072}.Debug|x64.ActiveCfg = Debug|x64
		{DF443C68-3020-449D-A9D5-D2D3C1102072}.Debug|x64.Build.0 = Debug|x64
		{DF443C68-3020-449D-A9D5-D2D3C1102072}.Debug|x86.ActiveCfg = Debug|Win32
		{DF443C68-3020-449D-A9D5-D2D3C1102072}.Debug|x86.Build.0 = Debug|Win32
		{DF443C68-3020-449D-A9D5-D2D3C1102072}.Release|x64.ActiveCfg = Release|x64
		{DF443C68-3020-449D-A9D5-D2D3C1102072}.Release|x64.Build.0 = Release|x64
		{DF443C68-3020-449D-A9D5-D2D3C1102072}.Release|x86.ActiveCfg = Release|Win32
		{DF443C68-3020-449D-A9D5-D2D3C1102072}.Release|x86.Build.0 = Release|Win32
	EndGlobalSection
	GlobalSection(SolutionProperties) = preSolution
		HideSolutionNode = FALSE
	EndGlobalSection
	GlobalSection(ExtensibilityGlobals) = postSolution
		SolutionGuid = {7CAA8424-2FDF-4473-A114-9251444CBCE3}
	EndGlobalSection
EndGlobal
